// !$*UTF8*$!
{
	archiveVersion = 1;
	classes = {
	};
	objectVersion = 48;
	objects = {

/* Begin PBXBuildFile section */
		116E0408208C77AA002C5CBB /* EntryVC.swift in Sources */ = {isa = PBXBuildFile; fileRef = 846E5AB6208BD1940069294F /* EntryVC.swift */; };
		116E040C208C7821002C5CBB /* RestaurantFinder.swift in Sources */ = {isa = PBXBuildFile; fileRef = 116E040B208C7821002C5CBB /* RestaurantFinder.swift */; };
		84159468208D0B5E0009E551 /* SuggestionVC.swift in Sources */ = {isa = PBXBuildFile; fileRef = 84159467208D0B5E0009E551 /* SuggestionVC.swift */; };
		846E5AB5208BD1940069294F /* AppDelegate.swift in Sources */ = {isa = PBXBuildFile; fileRef = 846E5AB4208BD1940069294F /* AppDelegate.swift */; };
		846E5ABA208BD1940069294F /* Main.storyboard in Resources */ = {isa = PBXBuildFile; fileRef = 846E5AB8208BD1940069294F /* Main.storyboard */; };
		846E5ABC208BD1940069294F /* Assets.xcassets in Resources */ = {isa = PBXBuildFile; fileRef = 846E5ABB208BD1940069294F /* Assets.xcassets */; };
		846E5ABF208BD1940069294F /* LaunchScreen.storyboard in Resources */ = {isa = PBXBuildFile; fileRef = 846E5ABD208BD1940069294F /* LaunchScreen.storyboard */; };
/* End PBXBuildFile section */

/* Begin PBXFileReference section */
		116E040B208C7821002C5CBB /* RestaurantFinder.swift */ = {isa = PBXFileReference; lastKnownFileType = sourcecode.swift; path = RestaurantFinder.swift; sourceTree = "<group>"; };
		84159467208D0B5E0009E551 /* SuggestionVC.swift */ = {isa = PBXFileReference; lastKnownFileType = sourcecode.swift; path = SuggestionVC.swift; sourceTree = "<group>"; };
		846E5AB1208BD1940069294F /* Decide For Me!.app */ = {isa = PBXFileReference; explicitFileType = wrapper.application; includeInIndex = 0; path = "Decide For Me!.app"; sourceTree = BUILT_PRODUCTS_DIR; };
		846E5AB4208BD1940069294F /* AppDelegate.swift */ = {isa = PBXFileReference; lastKnownFileType = sourcecode.swift; path = AppDelegate.swift; sourceTree = "<group>"; };
		846E5AB6208BD1940069294F /* EntryVC.swift */ = {isa = PBXFileReference; lastKnownFileType = sourcecode.swift; path = EntryVC.swift; sourceTree = "<group>"; };
		846E5AB9208BD1940069294F /* Base */ = {isa = PBXFileReference; lastKnownFileType = file.storyboard; name = Base; path = Base.lproj/Main.storyboard; sourceTree = "<group>"; };
		846E5ABB208BD1940069294F /* Assets.xcassets */ = {isa = PBXFileReference; lastKnownFileType = folder.assetcatalog; path = Assets.xcassets; sourceTree = "<group>"; };
		846E5ABE208BD1940069294F /* Base */ = {isa = PBXFileReference; lastKnownFileType = file.storyboard; name = Base; path = Base.lproj/LaunchScreen.storyboard; sourceTree = "<group>"; };
		846E5AC0208BD1940069294F /* Info.plist */ = {isa = PBXFileReference; lastKnownFileType = text.plist.xml; path = Info.plist; sourceTree = "<group>"; };
/* End PBXFileReference section */

/* Begin PBXFrameworksBuildPhase section */
		846E5AAE208BD1940069294F /* Frameworks */ = {
			isa = PBXFrameworksBuildPhase;
			buildActionMask = 2147483647;
			files = (
			);
			runOnlyForDeploymentPostprocessing = 0;
		};
/* End PBXFrameworksBuildPhase section */

/* Begin PBXGroup section */
		116E040D208C782D002C5CBB /* Models */ = {
			isa = PBXGroup;
			children = (
				116E040B208C7821002C5CBB /* RestaurantFinder.swift */,
			);
			name = Models;
			sourceTree = "<group>";
		};
		846E5AA8208BD1940069294F = {
			isa = PBXGroup;
			children = (
				846E5AB3208BD1940069294F /* Decide For Me! */,
				846E5AB2208BD1940069294F /* Products */,
			);
			sourceTree = "<group>";
		};
		846E5AB2208BD1940069294F /* Products */ = {
			isa = PBXGroup;
			children = (
				846E5AB1208BD1940069294F /* Decide For Me!.app */,
			);
			name = Products;
			sourceTree = "<group>";
		};
		846E5AB3208BD1940069294F /* Decide For Me! */ = {
			isa = PBXGroup;
			children = (
				116E040D208C782D002C5CBB /* Models */,
				846E5AB4208BD1940069294F /* AppDelegate.swift */,
				846E5AB6208BD1940069294F /* EntryVC.swift */,
				846E5AB8208BD1940069294F /* Main.storyboard */,
				846E5ABB208BD1940069294F /* Assets.xcassets */,
				846E5ABD208BD1940069294F /* LaunchScreen.storyboard */,
				846E5AC0208BD1940069294F /* Info.plist */,
				84159467208D0B5E0009E551 /* SuggestionVC.swift */,
			);
			path = "Decide For Me!";
			sourceTree = "<group>";
		};
/* End PBXGroup section */

/* Begin PBXNativeTarget section */
		846E5AB0208BD1940069294F /* Decide For Me! */ = {
			isa = PBXNativeTarget;
			buildConfigurationList = 846E5AC3208BD1940069294F /* Build configuration list for PBXNativeTarget "Decide For Me!" */;
			buildPhases = (
				846E5AAD208BD1940069294F /* Sources */,
				846E5AAE208BD1940069294F /* Frameworks */,
				846E5AAF208BD1940069294F /* Resources */,
			);
			buildRules = (
			);
			dependencies = (
			);
			name = "Decide For Me!";
			productName = "Decide For Me!";
			productReference = 846E5AB1208BD1940069294F /* Decide For Me!.app */;
			productType = "com.apple.product-type.application";
		};
/* End PBXNativeTarget section */

/* Begin PBXProject section */
		846E5AA9208BD1940069294F /* Project object */ = {
			isa = PBXProject;
			attributes = {
				KnownAssetTags = (
					New,
				);
				LastSwiftUpdateCheck = 0920;
				LastUpgradeCheck = 0920;
				ORGANIZATIONNAME = Lifely;
				TargetAttributes = {
					846E5AB0208BD1940069294F = {
						CreatedOnToolsVersion = 9.2;
						ProvisioningStyle = Automatic;
					};
				};
			};
			buildConfigurationList = 846E5AAC208BD1940069294F /* Build configuration list for PBXProject "Decide For Me!" */;
			compatibilityVersion = "Xcode 8.0";
			developmentRegion = en;
			hasScannedForEncodings = 0;
			knownRegions = (
				en,
				Base,
			);
			mainGroup = 846E5AA8208BD1940069294F;
			productRefGroup = 846E5AB2208BD1940069294F /* Products */;
			projectDirPath = "";
			projectRoot = "";
			targets = (
				846E5AB0208BD1940069294F /* Decide For Me! */,
			);
		};
/* End PBXProject section */

/* Begin PBXResourcesBuildPhase section */
		846E5AAF208BD1940069294F /* Resources */ = {
			isa = PBXResourcesBuildPhase;
			buildActionMask = 2147483647;
			files = (
				846E5ABF208BD1940069294F /* LaunchScreen.storyboard in Resources */,
				846E5ABC208BD1940069294F /* Assets.xcassets in Resources */,
				846E5ABA208BD1940069294F /* Main.storyboard in Resources */,
			);
			runOnlyForDeploymentPostprocessing = 0;
		};
/* End PBXResourcesBuildPhase section */

/* Begin PBXSourcesBuildPhase section */
		846E5AAD208BD1940069294F /* Sources */ = {
			isa = PBXSourcesBuildPhase;
			buildActionMask = 2147483647;
			files = (
				84159468208D0B5E0009E551 /* SuggestionVC.swift in Sources */,
				116E040C208C7821002C5CBB /* RestaurantFinder.swift in Sources */,
				116E0408208C77AA002C5CBB /* EntryVC.swift in Sources */,
				846E5AB5208BD1940069294F /* AppDelegate.swift in Sources */,
			);
			runOnlyForDeploymentPostprocessing = 0;
		};
/* End PBXSourcesBuildPhase section */

/* Begin PBXVariantGroup section */
		846E5AB8208BD1940069294F /* Main.storyboard */ = {
			isa = PBXVariantGroup;
			children = (
				846E5AB9208BD1940069294F /* Base */,
			);
			name = Main.storyboard;
			sourceTree = "<group>";
		};
		846E5ABD208BD1940069294F /* LaunchScreen.storyboard */ = {
			isa = PBXVariantGroup;
			children = (
				846E5ABE208BD1940069294F /* Base */,
			);
			name = LaunchScreen.storyboard;
			sourceTree = "<group>";
		};
/* End PBXVariantGroup section */

/* Begin XCBuildConfiguration section */
		846E5AC1208BD1940069294F /* Debug */ = {
			isa = XCBuildConfiguration;
			buildSettings = {
				ALWAYS_SEARCH_USER_PATHS = NO;
				CLANG_ANALYZER_NONNULL = YES;
				CLANG_ANALYZER_NUMBER_OBJECT_CONVERSION = YES_AGGRESSIVE;
				CLANG_CXX_LANGUAGE_STANDARD = "gnu++14";
				CLANG_CXX_LIBRARY = "libc++";
				CLANG_ENABLE_MODULES = YES;
				CLANG_ENABLE_OBJC_ARC = YES;
				CLANG_WARN_BLOCK_CAPTURE_AUTORELEASING = YES;
				CLANG_WARN_BOOL_CONVERSION = YES;
				CLANG_WARN_COMMA = YES;
				CLANG_WARN_CONSTANT_CONVERSION = YES;
				CLANG_WARN_DIRECT_OBJC_ISA_USAGE = YES_ERROR;
				CLANG_WARN_DOCUMENTATION_COMMENTS = YES;
				CLANG_WARN_EMPTY_BODY = YES;
				CLANG_WARN_ENUM_CONVERSION = YES;
				CLANG_WARN_INFINITE_RECURSION = YES;
				CLANG_WARN_INT_CONVERSION = YES;
				CLANG_WARN_NON_LITERAL_NULL_CONVERSION = YES;
				CLANG_WARN_OBJC_LITERAL_CONVERSION = YES;
				CLANG_WARN_OBJC_ROOT_CLASS = YES_ERROR;
				CLANG_WARN_RANGE_LOOP_ANALYSIS = YES;
				CLANG_WARN_STRICT_PROTOTYPES = YES;
				CLANG_WARN_SUSPICIOUS_MOVE = YES;
				CLANG_WARN_UNGUARDED_AVAILABILITY = YES_AGGRESSIVE;
				CLANG_WARN_UNREACHABLE_CODE = YES;
				CLANG_WARN__DUPLICATE_METHOD_MATCH = YES;
				CODE_SIGN_IDENTITY = "iPhone Developer";
				COPY_PHASE_STRIP = NO;
				DEBUG_INFORMATION_FORMAT = dwarf;
				ENABLE_STRICT_OBJC_MSGSEND = YES;
				ENABLE_TESTABILITY = YES;
				GCC_C_LANGUAGE_STANDARD = gnu11;
				GCC_DYNAMIC_NO_PIC = NO;
				GCC_NO_COMMON_BLOCKS = YES;
				GCC_OPTIMIZATION_LEVEL = 0;
				GCC_PREPROCESSOR_DEFINITIONS = (
					"DEBUG=1",
					"$(inherited)",
				);
				GCC_WARN_64_TO_32_BIT_CONVERSION = YES;
				GCC_WARN_ABOUT_RETURN_TYPE = YES_ERROR;
				GCC_WARN_UNDECLARED_SELECTOR = YES;
				GCC_WARN_UNINITIALIZED_AUTOS = YES_AGGRESSIVE;
				GCC_WARN_UNUSED_FUNCTION = YES;
				GCC_WARN_UNUSED_VARIABLE = YES;
				IPHONEOS_DEPLOYMENT_TARGET = 11.2;
				MTL_ENABLE_DEBUG_INFO = YES;
				ONLY_ACTIVE_ARCH = YES;
				SDKROOT = iphoneos;
				SWIFT_ACTIVE_COMPILATION_CONDITIONS = DEBUG;
				SWIFT_OPTIMIZATION_LEVEL = "-Onone";
			};
			name = Debug;
		};
		846E5AC2208BD1940069294F /* Release */ = {
			isa = XCBuildConfiguration;
			buildSettings = {
				ALWAYS_SEARCH_USER_PATHS = NO;
				CLANG_ANALYZER_NONNULL = YES;
				CLANG_ANALYZER_NUMBER_OBJECT_CONVERSION = YES_AGGRESSIVE;
				CLANG_CXX_LANGUAGE_STANDARD = "gnu++14";
				CLANG_CXX_LIBRARY = "libc++";
				CLANG_ENABLE_MODULES = YES;
				CLANG_ENABLE_OBJC_ARC = YES;
				CLANG_WARN_BLOCK_CAPTURE_AUTORELEASING = YES;
				CLANG_WARN_BOOL_CONVERSION = YES;
				CLANG_WARN_COMMA = YES;
				CLANG_WARN_CONSTANT_CONVERSION = YES;
				CLANG_WARN_DIRECT_OBJC_ISA_USAGE = YES_ERROR;
				CLANG_WARN_DOCUMENTATION_COMMENTS = YES;
				CLANG_WARN_EMPTY_BODY = YES;
				CLANG_WARN_ENUM_CONVERSION = YES;
				CLANG_WARN_INFINITE_RECURSION = YES;
				CLANG_WARN_INT_CONVERSION = YES;
				CLANG_WARN_NON_LITERAL_NULL_CONVERSION = YES;
				CLANG_WARN_OBJC_LITERAL_CONVERSION = YES;
				CLANG_WARN_OBJC_ROOT_CLASS = YES_ERROR;
				CLANG_WARN_RANGE_LOOP_ANALYSIS = YES;
				CLANG_WARN_STRICT_PROTOTYPES = YES;
				CLANG_WARN_SUSPICIOUS_MOVE = YES;
				CLANG_WARN_UNGUARDED_AVAILABILITY = YES_AGGRESSIVE;
				CLANG_WARN_UNREACHABLE_CODE = YES;
				CLANG_WARN__DUPLICATE_METHOD_MATCH = YES;
				CODE_SIGN_IDENTITY = "iPhone Developer";
				COPY_PHASE_STRIP = NO;
				DEBUG_INFORMATION_FORMAT = "dwarf-with-dsym";
				ENABLE_NS_ASSERTIONS = NO;
				ENABLE_STRICT_OBJC_MSGSEND = YES;
				GCC_C_LANGUAGE_STANDARD = gnu11;
				GCC_NO_COMMON_BLOCKS = YES;
				GCC_WARN_64_TO_32_BIT_CONVERSION = YES;
				GCC_WARN_ABOUT_RETURN_TYPE = YES_ERROR;
				GCC_WARN_UNDECLARED_SELECTOR = YES;
				GCC_WARN_UNINITIALIZED_AUTOS = YES_AGGRESSIVE;
				GCC_WARN_UNUSED_FUNCTION = YES;
				GCC_WARN_UNUSED_VARIABLE = YES;
				IPHONEOS_DEPLOYMENT_TARGET = 11.2;
				MTL_ENABLE_DEBUG_INFO = NO;
				SDKROOT = iphoneos;
				SWIFT_OPTIMIZATION_LEVEL = "-Owholemodule";
				VALIDATE_PRODUCT = YES;
			};
			name = Release;
		};
		846E5AC4208BD1940069294F /* Debug */ = {
			isa = XCBuildConfiguration;
			buildSettings = {
				ASSETCATALOG_COMPILER_APPICON_NAME = AppIcon;
				CODE_SIGN_STYLE = Automatic;
				DEVELOPMENT_TEAM = 93EW688Y3U;
				INFOPLIST_FILE = "Decide For Me!/Info.plist";
				LD_RUNPATH_SEARCH_PATHS = "$(inherited) @executable_path/Frameworks";
				PRODUCT_BUNDLE_IDENTIFIER = "Lifely.Decide-For-Me";
				PRODUCT_NAME = "$(TARGET_NAME)";
				SWIFT_VERSION = 4.0;
				TARGETED_DEVICE_FAMILY = "1,2";
			};
			name = Debug;
		};
		846E5AC5208BD1940069294F /* Release */ = {
			isa = XCBuildConfiguration;
			buildSettings = {
				ASSETCATALOG_COMPILER_APPICON_NAME = AppIcon;
				CODE_SIGN_STYLE = Automatic;
				DEVELOPMENT_TEAM = 93EW688Y3U;
				INFOPLIST_FILE = "Decide For Me!/Info.plist";
				LD_RUNPATH_SEARCH_PATHS = "$(inherited) @executable_path/Frameworks";
				PRODUCT_BUNDLE_IDENTIFIER = "Lifely.Decide-For-Me";
				PRODUCT_NAME = "$(TARGET_NAME)";
				SWIFT_VERSION = 4.0;
				TARGETED_DEVICE_FAMILY = "1,2";
			};
			name = Release;
		};
/* End XCBuildConfiguration section */

/* Begin XCConfigurationList section */
		846E5AAC208BD1940069294F /* Build configuration list for PBXProject "Decide For Me!" */ = {
			isa = XCConfigurationList;
			buildConfigurations = (
				846E5AC1208BD1940069294F /* Debug */,
				846E5AC2208BD1940069294F /* Release */,
			);
			defaultConfigurationIsVisible = 0;
			defaultConfigurationName = Release;
		};
		846E5AC3208BD1940069294F /* Build configuration list for PBXNativeTarget "Decide For Me!" */ = {
			isa = XCConfigurationList;
			buildConfigurations = (
				846E5AC4208BD1940069294F /* Debug */,
				846E5AC5208BD1940069294F /* Release */,
			);
			defaultConfigurationIsVisible = 0;
			defaultConfigurationName = Release;
		};
/* End XCConfigurationList section */
	};
	rootObject = 846E5AA9208BD1940069294F /* Project object */;
}
